
Microsoft Visual Studio Solution File, Format Version 12.00
# Visual Studio Version 16
VisualStudioVersion = 16.0.30114.105
MinimumVisualStudioVersion = 10.0.40219.1
Project("{FAE04EC0-301F-11D3-BF4B-00C04F79EFBC}") = "HKTool", "HKTool\HKTool.csproj", "{E00F19EC-18A1-48F1-BA81-5F03AD1CBE05}"
EndProject
Project("{FAE04EC0-301F-11D3-BF4B-00C04F79EFBC}") = "HKTool.Core", "HKTool.Core\HKTool.Core.csproj", "{1467B2A7-C003-4767-881C-92998AA2A790}"
EndProject
Project("{FAE04EC0-301F-11D3-BF4B-00C04F79EFBC}") = "Test", "Test\Test.csproj", "{275D7CB5-D1D9-47E5-B799-26DC85002430}"
EndProject
Project("{FAE04EC0-301F-11D3-BF4B-00C04F79EFBC}") = "Test1", "Test1\Test1.csproj", "{BCEDD9E3-59A1-48AA-8E04-293A7FA122B8}"
EndProject
Project("{FAE04EC0-301F-11D3-BF4B-00C04F79EFBC}") = "HKToolCli", "HKToolCli\HKToolCli.csproj", "{9FA802DE-C188-4AC3-8C4A-F528ACE2A559}"
EndProject
Global
	GlobalSection(SolutionConfigurationPlatforms) = preSolution
		Debug|Any CPU = Debug|Any CPU
		Debug|x64 = Debug|x64
		Debug|x86 = Debug|x86
		Release|Any CPU = Release|Any CPU
		Release|x64 = Release|x64
		Release|x86 = Release|x86
	EndGlobalSection
	GlobalSection(ProjectConfigurationPlatforms) = postSolution
		{E00F19EC-18A1-48F1-BA81-5F03AD1CBE05}.Debug|Any CPU.ActiveCfg = Debug|Any CPU
		{E00F19EC-18A1-48F1-BA81-5F03AD1CBE05}.Debug|Any CPU.Build.0 = Debug|Any CPU
		{E00F19EC-18A1-48F1-BA81-5F03AD1CBE05}.Debug|x64.ActiveCfg = Debug|Any CPU
		{E00F19EC-18A1-48F1-BA81-5F03AD1CBE05}.Debug|x64.Build.0 = Debug|Any CPU
		{E00F19EC-18A1-48F1-BA81-5F03AD1CBE05}.Debug|x86.ActiveCfg = Debug|Any CPU
		{E00F19EC-18A1-48F1-BA81-5F03AD1CBE05}.Debug|x86.Build.0 = Debug|Any CPU
		{E00F19EC-18A1-48F1-BA81-5F03AD1CBE05}.Release|Any CPU.ActiveCfg = Release|Any CPU
		{E00F19EC-18A1-48F1-BA81-5F03AD1CBE05}.Release|Any CPU.Build.0 = Release|Any CPU
		{E00F19EC-18A1-48F1-BA81-5F03AD1CBE05}.Release|x64.ActiveCfg = Release|Any CPU
		{E00F19EC-18A1-48F1-BA81-5F03AD1CBE05}.Release|x64.Build.0 = Release|Any CPU
		{E00F19EC-18A1-48F1-BA81-5F03AD1CBE05}.Release|x86.ActiveCfg = Release|Any CPU
		{E00F19EC-18A1-48F1-BA81-5F03AD1CBE05}.Release|x86.Build.0 = Release|Any CPU
		{1467B2A7-C003-4767-881C-92998AA2A790}.Debug|Any CPU.ActiveCfg = Debug|Any CPU
		{1467B2A7-C003-4767-881C-92998AA2A790}.Debug|Any CPU.Build.0 = Debug|Any CPU
		{1467B2A7-C003-4767-881C-92998AA2A790}.Debug|x64.ActiveCfg = Debug|Any CPU
		{1467B2A7-C003-4767-881C-92998AA2A790}.Debug|x64.Build.0 = Debug|Any CPU
		{1467B2A7-C003-4767-881C-92998AA2A790}.Debug|x86.ActiveCfg = Debug|Any CPU
		{1467B2A7-C003-4767-881C-92998AA2A790}.Debug|x86.Build.0 = Debug|Any CPU
		{1467B2A7-C003-4767-881C-92998AA2A790}.Release|Any CPU.ActiveCfg = Release|Any CPU
		{1467B2A7-C003-4767-881C-92998AA2A790}.Release|Any CPU.Build.0 = Release|Any CPU
		{1467B2A7-C003-4767-881C-92998AA2A790}.Release|x64.ActiveCfg = Release|Any CPU
		{1467B2A7-C003-4767-881C-92998AA2A790}.Release|x64.Build.0 = Release|Any CPU
		{1467B2A7-C003-4767-881C-92998AA2A790}.Release|x86.ActiveCfg = Release|Any CPU
		{1467B2A7-C003-4767-881C-92998AA2A790}.Release|x86.Build.0 = Release|Any CPU
		{275D7CB5-D1D9-47E5-B799-26DC85002430}.Debug|Any CPU.ActiveCfg = Debug|Any CPU
		{275D7CB5-D1D9-47E5-B799-26DC85002430}.Debug|Any CPU.Build.0 = Debug|Any CPU
		{275D7CB5-D1D9-47E5-B799-26DC85002430}.Debug|x64.ActiveCfg = Debug|Any CPU
		{275D7CB5-D1D9-47E5-B799-26DC85002430}.Debug|x64.Build.0 = Debug|Any CPU
		{275D7CB5-D1D9-47E5-B799-26DC85002430}.Debug|x86.ActiveCfg = Debug|Any CPU
		{275D7CB5-D1D9-47E5-B799-26DC85002430}.Debug|x86.Build.0 = Debug|Any CPU
		{275D7CB5-D1D9-47E5-B799-26DC85002430}.Release|Any CPU.ActiveCfg = Release|Any CPU
		{275D7CB5-D1D9-47E5-B799-26DC85002430}.Release|Any CPU.Build.0 = Release|Any CPU
		{275D7CB5-D1D9-47E5-B799-26DC85002430}.Release|x64.ActiveCfg = Release|Any CPU
		{275D7CB5-D1D9-47E5-B799-26DC85002430}.Release|x64.Build.0 = Release|Any CPU
		{275D7CB5-D1D9-47E5-B799-26DC85002430}.Release|x86.ActiveCfg = Release|Any CPU
		{275D7CB5-D1D9-47E5-B799-26DC85002430}.Release|x86.Build.0 = Release|Any CPU
		{BCEDD9E3-59A1-48AA-8E04-293A7FA122B8}.Debug|Any CPU.ActiveCfg = Debug|Any CPU
		{BCEDD9E3-59A1-48AA-8E04-293A7FA122B8}.Debug|Any CPU.Build.0 = Debug|Any CPU
		{BCEDD9E3-59A1-48AA-8E04-293A7FA122B8}.Debug|x64.ActiveCfg = Debug|Any CPU
		{BCEDD9E3-59A1-48AA-8E04-293A7FA122B8}.Debug|x64.Build.0 = Debug|Any CPU
		{BCEDD9E3-59A1-48AA-8E04-293A7FA122B8}.Debug|x86.ActiveCfg = Debug|Any CPU
		{BCEDD9E3-59A1-48AA-8E04-293A7FA122B8}.Debug|x86.Build.0 = Debug|Any CPU
		{BCEDD9E3-59A1-48AA-8E04-293A7FA122B8}.Release|Any CPU.ActiveCfg = Release|Any CPU
		{BCEDD9E3-59A1-48AA-8E04-293A7FA122B8}.Release|Any CPU.Build.0 = Release|Any CPU
		{BCEDD9E3-59A1-48AA-8E04-293A7FA122B8}.Release|x64.ActiveCfg = Release|Any CPU
		{BCEDD9E3-59A1-48AA-8E04-293A7FA122B8}.Release|x64.Build.0 = Release|Any CPU
		{BCEDD9E3-59A1-48AA-8E04-293A7FA122B8}.Release|x86.ActiveCfg = Release|Any CPU
		{BCEDD9E3-59A1-48AA-8E04-293A7FA122B8}.Release|x86.Build.0 = Release|Any CPU
		{9FA802DE-C188-4AC3-8C4A-F528ACE2A559}.Debug|Any CPU.ActiveCfg = Debug|Any CPU
		{9FA802DE-C188-4AC3-8C4A-F528ACE2A559}.Debug|Any CPU.Build.0 = Debug|Any CPU
		{9FA802DE-C188-4AC3-8C4A-F528ACE2A559}.Debug|x64.ActiveCfg = Debug|Any CPU
		{9FA802DE-C188-4AC3-8C4A-F528ACE2A559}.Debug|x64.Build.0 = Debug|Any CPU
		{9FA802DE-C188-4AC3-8C4A-F528ACE2A559}.Debug|x86.ActiveCfg = Debug|Any CPU
		{9FA802DE-C188-4AC3-8C4A-F528ACE2A559}.Debug|x86.Build.0 = Debug|Any CPU
		{9FA802DE-C188-4AC3-8C4A-F528ACE2A559}.Release|Any CPU.ActiveCfg = Release|Any CPU
		{9FA802DE-C188-4AC3-8C4A-F528ACE2A559}.Release|Any CPU.Build.0 = Release|Any CPU
		{9FA802DE-C188-4AC3-8C4A-F528ACE2A559}.Release|x64.ActiveCfg = Release|Any CPU
		{9FA802DE-C188-4AC3-8C4A-F528ACE2A559}.Release|x64.Build.0 = Release|Any CPU
		{9FA802DE-C188-4AC3-8C4A-F528ACE2A559}.Release|x86.ActiveCfg = Release|Any CPU
		{9FA802DE-C188-4AC3-8C4A-F528ACE2A559}.Release|x86.Build.0 = Release|Any CPU
	EndGlobalSection
	GlobalSection(SolutionProperties) = preSolution
		HideSolutionNode = FALSE
	EndGlobalSection
	GlobalSection(ExtensibilityGlobals) = postSolution
		SolutionGuid = {5BFFDF0A-DE60-47E8-901C-E9352A59940F}
	EndGlobalSection
EndGlobal
